
Microsoft Visual Studio Solution File, Format Version 12.00
# Visual Studio Version 17
VisualStudioVersion = 17.2.32630.192
MinimumVisualStudioVersion = 10.0.40219.1
Project("{FAE04EC0-301F-11D3-BF4B-00C04F79EFBC}") = "SYSTEMGROUP", "SYSTEMGROUP.csproj", "{2355BEC8-F20B-445D-9639-2B7ACFCB9F6F}"
EndProject
Global
	GlobalSection(SolutionConfigurationPlatforms) = preSolution
		Debug|Any CPU = Debug|Any CPU
		Release|Any CPU = Release|Any CPU
	EndGlobalSection
	GlobalSection(ProjectConfigurationPlatforms) = postSolution
		{2355BEC8-F20B-445D-9639-2B7ACFCB9F6F}.Debug|Any CPU.ActiveCfg = Debug|Any CPU
		{2355BEC8-F20B-445D-9639-2B7ACFCB9F6F}.Debug|Any CPU.Build.0 = Debug|Any CPU
		{2355BEC8-F20B-445D-9639-2B7ACFCB9F6F}.Release|Any CPU.ActiveCfg = Release|Any CPU
		{2355BEC8-F20B-445D-9639-2B7ACFCB9F6F}.Release|Any CPU.Build.0 = Release|Any CPU
	EndGlobalSection
	GlobalSection(SolutionProperties) = preSolution
		HideSolutionNode = FALSE
	EndGlobalSection
	GlobalSection(ExtensibilityGlobals) = postSolution
		SolutionGuid = {EF063521-5E7B-4CB9-8FEB-B9661187914D}
	EndGlobalSection
EndGlobal
